
Microsoft Visual Studio Solution File, Format Version 12.00
# Visual Studio 2013
VisualStudioVersion = 12.0.21005.1
MinimumVisualStudioVersion = 10.0.40219.1
Project("{FAE04EC0-301F-11D3-BF4B-00C04F79EFBC}") = "2.StudentsAndWorkers", "2. StudentsAndWorkers\2.StudentsAndWorkers.csproj", "{7020D474-3EB3-4F57-A2DE-6F7FB55912B5}"
EndProject
Project("{FAE04EC0-301F-11D3-BF4B-00C04F79EFBC}") = "3. AnimalHierarchy", "3. AnimalHierarchy\3. AnimalHierarchy.csproj", "{B916EE32-607B-4EF5-AD14-067EA970715E}"
EndProject
Project("{FAE04EC0-301F-11D3-BF4B-00C04F79EFBC}") = "1. SchoolClasses", "1. SchoolClasses\1. SchoolClasses.csproj", "{1B7B760E-950A-40DC-BAEB-2235FC0F8F37}"
EndProject
Global
	GlobalSection(SolutionConfigurationPlatforms) = preSolution
		Debug|Any CPU = Debug|Any CPU
		Release|Any CPU = Release|Any CPU
	EndGlobalSection
	GlobalSection(ProjectConfigurationPlatforms) = postSolution
		{7020D474-3EB3-4F57-A2DE-6F7FB55912B5}.Debug|Any CPU.ActiveCfg = Debug|Any CPU
		{7020D474-3EB3-4F57-A2DE-6F7FB55912B5}.Debug|Any CPU.Build.0 = Debug|Any CPU
		{7020D474-3EB3-4F57-A2DE-6F7FB55912B5}.Release|Any CPU.ActiveCfg = Release|Any CPU
		{7020D474-3EB3-4F57-A2DE-6F7FB55912B5}.Release|Any CPU.Build.0 = Release|Any CPU
		{B916EE32-607B-4EF5-AD14-067EA970715E}.Debug|Any CPU.ActiveCfg = Debug|Any CPU
		{B916EE32-607B-4EF5-AD14-067EA970715E}.Debug|Any CPU.Build.0 = Debug|Any CPU
		{B916EE32-607B-4EF5-AD14-067EA970715E}.Release|Any CPU.ActiveCfg = Release|Any CPU
		{B916EE32-607B-4EF5-AD14-067EA970715E}.Release|Any CPU.Build.0 = Release|Any CPU
		{1B7B760E-950A-40DC-BAEB-2235FC0F8F37}.Debug|Any CPU.ActiveCfg = Debug|Any CPU
		{1B7B760E-950A-40DC-BAEB-2235FC0F8F37}.Debug|Any CPU.Build.0 = Debug|Any CPU
		{1B7B760E-950A-40DC-BAEB-2235FC0F8F37}.Release|Any CPU.ActiveCfg = Release|Any CPU
		{1B7B760E-950A-40DC-BAEB-2235FC0F8F37}.Release|Any CPU.Build.0 = Release|Any CPU
	EndGlobalSection
	GlobalSection(SolutionProperties) = preSolution
		HideSolutionNode = FALSE
	EndGlobalSection
EndGlobal
